
Microsoft Visual Studio Solution File, Format Version 12.00
# Visual Studio 15
VisualStudioVersion = 15.0.28010.2036
MinimumVisualStudioVersion = 10.0.40219.1
Project("{FAE04EC0-301F-11D3-BF4B-00C04F79EFBC}") = "MyHelloWorld", "MyHelloWorld\MyHelloWorld.csproj", "{2A3AD9F2-A0E5-4F1F-B589-9E69F85648F3}"
EndProject
Project("{FAE04EC0-301F-11D3-BF4B-00C04F79EFBC}") = "GrovePi", "..\..\..\Documents\IoT\GrovePi\Software\CSharp\GrovePi\GrovePi.csproj", "{A667742A-B887-4B46-8EC1-C671E8BEC5E4}"
EndProject
Global
	GlobalSection(SolutionConfigurationPlatforms) = preSolution
		Debug|ARM = Debug|ARM
		Debug|x64 = Debug|x64
		Debug|x86 = Debug|x86
		Release|ARM = Release|ARM
		Release|x64 = Release|x64
		Release|x86 = Release|x86
	EndGlobalSection
	GlobalSection(ProjectConfigurationPlatforms) = postSolution
		{2A3AD9F2-A0E5-4F1F-B589-9E69F85648F3}.Debug|ARM.ActiveCfg = Debug|ARM
		{2A3AD9F2-A0E5-4F1F-B589-9E69F85648F3}.Debug|ARM.Build.0 = Debug|ARM
		{2A3AD9F2-A0E5-4F1F-B589-9E69F85648F3}.Debug|ARM.Deploy.0 = Debug|ARM
		{2A3AD9F2-A0E5-4F1F-B589-9E69F85648F3}.Debug|x64.ActiveCfg = Debug|x64
		{2A3AD9F2-A0E5-4F1F-B589-9E69F85648F3}.Debug|x64.Build.0 = Debug|x64
		{2A3AD9F2-A0E5-4F1F-B589-9E69F85648F3}.Debug|x64.Deploy.0 = Debug|x64
		{2A3AD9F2-A0E5-4F1F-B589-9E69F85648F3}.Debug|x86.ActiveCfg = Debug|x86
		{2A3AD9F2-A0E5-4F1F-B589-9E69F85648F3}.Debug|x86.Build.0 = Debug|x86
		{2A3AD9F2-A0E5-4F1F-B589-9E69F85648F3}.Debug|x86.Deploy.0 = Debug|x86
		{2A3AD9F2-A0E5-4F1F-B589-9E69F85648F3}.Release|ARM.ActiveCfg = Release|ARM
		{2A3AD9F2-A0E5-4F1F-B589-9E69F85648F3}.Release|ARM.Build.0 = Release|ARM
		{2A3AD9F2-A0E5-4F1F-B589-9E69F85648F3}.Release|ARM.Deploy.0 = Release|ARM
		{2A3AD9F2-A0E5-4F1F-B589-9E69F85648F3}.Release|x64.ActiveCfg = Release|x64
		{2A3AD9F2-A0E5-4F1F-B589-9E69F85648F3}.Release|x64.Build.0 = Release|x64
		{2A3AD9F2-A0E5-4F1F-B589-9E69F85648F3}.Release|x64.Deploy.0 = Release|x64
		{2A3AD9F2-A0E5-4F1F-B589-9E69F85648F3}.Release|x86.ActiveCfg = Release|x86
		{2A3AD9F2-A0E5-4F1F-B589-9E69F85648F3}.Release|x86.Build.0 = Release|x86
		{2A3AD9F2-A0E5-4F1F-B589-9E69F85648F3}.Release|x86.Deploy.0 = Release|x86
		{A667742A-B887-4B46-8EC1-C671E8BEC5E4}.Debug|ARM.ActiveCfg = Debug|ARM
		{A667742A-B887-4B46-8EC1-C671E8BEC5E4}.Debug|ARM.Build.0 = Debug|ARM
		{A667742A-B887-4B46-8EC1-C671E8BEC5E4}.Debug|x64.ActiveCfg = Debug|ARM
		{A667742A-B887-4B46-8EC1-C671E8BEC5E4}.Debug|x86.ActiveCfg = Debug|ARM
		{A667742A-B887-4B46-8EC1-C671E8BEC5E4}.Release|ARM.ActiveCfg = Release|ARM
		{A667742A-B887-4B46-8EC1-C671E8BEC5E4}.Release|ARM.Build.0 = Release|ARM
		{A667742A-B887-4B46-8EC1-C671E8BEC5E4}.Release|x64.ActiveCfg = Release|ARM
		{A667742A-B887-4B46-8EC1-C671E8BEC5E4}.Release|x86.ActiveCfg = Release|ARM
	EndGlobalSection
	GlobalSection(SolutionProperties) = preSolution
		HideSolutionNode = FALSE
	EndGlobalSection
	GlobalSection(ExtensibilityGlobals) = postSolution
		SolutionGuid = {CA3B9F5E-83B9-4E9B-BFD4-4AB40B073BB8}
	EndGlobalSection
EndGlobal
